cloud.google.com/go/functions v1.26.0 h1:I1698A08LwvH3ppcIs+F/1pypQ6nzFo2OigLb0hglZ4=
cloud.google.com/go/functions v1.26.0/go.mod h1:cc40K7+fd6/QLYjPta8YK6nFzLiFaxjqxHBuNAMwdOY=
github.com/google/go-cmp v0.7.0 h1:wk8382ETsv4JYUZwIsn6YpYiWiBsYLSJiTsyBybVuN8=
github.com/google/go-cmp v0.7.0/go.mod h1:pXiqmnSA92OHEEa9HXL2W4E7lf9JzCmGVUdgjX3N/iU=
