cloud.google.com/go/functions v1.19.1 h1:eWjTZohtJX/9rckZYXaYVViGi06JkNJRKvm0aO+ce+g=
cloud.google.com/go/functions v1.19.1/go.mod h1:18RszySpwRg6aH5UTTVsRfdCwDooSf/5mvSnU7NAk4A=
github.com/google/go-cmp v0.6.0 h1:ofyhxvXcZhMsU5ulbFiLKl/XBFqE1GSq7atu8tAmTRI=
github.com/google/go-cmp v0.6.0/go.mod h1:17dUlkBOakJ0+DkrSSNjCkIjxS6bF9zb3elmeNGIjoY=
