cloud.google.com/go/compute/metadata v0.5.0 h1:Zr0eK8JbFv6+Wi4ilXAR8FJ3wyNdpxHKJNPos6LTZOY=
cloud.google.com/go/compute/metadata v0.5.0/go.mod h1:aHnloV2TPI38yx4s9+wAZhHykWvVCfu7hQbF+9CWoiY=
github.com/golang-jwt/jwt v3.2.2+incompatible h1:IfV12K8xAKAnZqdXVzCZ+TOjboZ2keLg81eXfW3O+oY=
github.com/golang-jwt/jwt v3.2.2+incompatible/go.mod h1:8pz2t5EyA70fFQQSrl6XZXzqecmYZeUEB8OUGHkxJ+I=
golang.org/x/sys v0.22.0 h1:RI27ohtqKCnwULzJLqkv897zojh5/DwS/ENaMzUOaWI=
golang.org/x/sys v0.22.0/go.mod h1:/VUhepiaJMQUp4+oa/7Zr1D23ma6VTLIYjOOTFZPUcA=
