cloud.google.com/go/functions v1.19.2 h1:Cu2Gj1JBBJv9gi89r8LrZNsJhGwePnhttn4Blqw/EYI=
cloud.google.com/go/functions v1.19.2/go.mod h1:SBzWwWuaFDLnUyStDAMEysVN1oA5ECLbP3/PfJ9Uk7Y=
github.com/google/go-cmp v0.6.0 h1:ofyhxvXcZhMsU5ulbFiLKl/XBFqE1GSq7atu8tAmTRI=
github.com/google/go-cmp v0.6.0/go.mod h1:17dUlkBOakJ0+DkrSSNjCkIjxS6bF9zb3elmeNGIjoY=
